
Microsoft Visual Studio Solution File, Format Version 12.00
# Visual Studio Version 16
VisualStudioVersion = 16.0.810.23
MinimumVisualStudioVersion = 10.0.40219.1
Project("{9A19103F-16F7-4668-BE54-9A1E7A4F7556}") = "Rockmuseet", "Rockmuseet\Rockmuseet.csproj", "{7E8BC704-0E04-40AC-9072-5ED7BF29A0E3}"
EndProject
Global
	GlobalSection(SolutionConfigurationPlatforms) = preSolution
		Debug|Any CPU = Debug|Any CPU
		Release|Any CPU = Release|Any CPU
	EndGlobalSection
	GlobalSection(ProjectConfigurationPlatforms) = postSolution
		{7E8BC704-0E04-40AC-9072-5ED7BF29A0E3}.Debug|Any CPU.ActiveCfg = Debug|Any CPU
		{7E8BC704-0E04-40AC-9072-5ED7BF29A0E3}.Debug|Any CPU.Build.0 = Debug|Any CPU
		{7E8BC704-0E04-40AC-9072-5ED7BF29A0E3}.Release|Any CPU.ActiveCfg = Release|Any CPU
		{7E8BC704-0E04-40AC-9072-5ED7BF29A0E3}.Release|Any CPU.Build.0 = Release|Any CPU
	EndGlobalSection
	GlobalSection(SolutionProperties) = preSolution
		HideSolutionNode = FALSE
	EndGlobalSection
	GlobalSection(ExtensibilityGlobals) = postSolution
		SolutionGuid = {CE80C0D3-CC09-4881-9C00-3C8AC4649ED5}
	EndGlobalSection
EndGlobal
